{
  "requires": true,
  "lockfileVersion": 1,
  "dependencies": {
    "@angular/common": {
      "version": "8.2.4",
      "resolved": "https://registry.npmjs.org/@angular/common/-/common-8.2.4.tgz",
      "integrity": "sha512-sPeTkor3uf8T3MvpekS0ZQe9K/yzlHBSoMyT0bIPOYeDTHUph3f/0XyYhH7KSGXLo7tSw1Mx9Ua05nQ+VHtLGQ==",
      "requires": {
        "tslib": "^1.9.0"
      }
    },
    "@angular/core": {
      "version": "8.2.4",
      "resolved": "https://registry.npmjs.org/@angular/core/-/core-8.2.4.tgz",
      "integrity": "sha512-8FSdkUSb5S4+K2w49iLzrQF/jzcmoRnOogFZQ8CctiXQHSVHHF8AjpoFpFVUAI6/77UVL8CehlyBSKF5EE1Z8A==",
      "requires": {
        "tslib": "^1.9.0"
      }
    },
    "@angular/platform-browser": {
      "version": "8.2.4",
      "resolved": "https://registry.npmjs.org/@angular/platform-browser/-/platform-browser-8.2.4.tgz",
      "integrity": "sha512-3nd71h6S4RT9lHu9mVGD/741O+8MBSjI1A0V8H/LjT79yWnkxoR6BgZA7KL76AeTTITagUcVIuxtNAaxssgLHg==",
      "requires": {
        "tslib": "^1.9.0"
      }
    },
    "@fortawesome/angular-fontawesome": {
      "version": "0.5.0",
      "resolved": "https://registry.npmjs.org/@fortawesome/angular-fontawesome/-/angular-fontawesome-0.5.0.tgz",
      "integrity": "sha512-5IR/jNMddiEpgApcqSMfp7l5kZqOtxQYzkSLW6iZ4MZHbQQ+Kc9tu9qi2hro6VFSk/sPxeYEzkzGZUNrMYiwOg==",
      "requires": {
        "tslib": "^1.9.0"
      }
    },
    "@fortawesome/fontawesome-common-types": {
      "version": "0.2.22",
      "resolved": "https://registry.npmjs.org/@fortawesome/fontawesome-common-types/-/fontawesome-common-types-0.2.22.tgz",
      "integrity": "sha512-QmEuZsipX5/cR9JOg0fsTN4Yr/9lieYWM8AQpmRa0eIfeOcl/HLYoEa366BCGRSrgNJEexuvOgbq9jnJ22IY5g=="
    },
    "@fortawesome/fontawesome-svg-core": {
      "version": "1.2.22",
      "resolved": "https://registry.npmjs.org/@fortawesome/fontawesome-svg-core/-/fontawesome-svg-core-1.2.22.tgz",
      "integrity": "sha512-Q941E4x8UfnMH3308n0qrgoja+GoqyiV846JTLoCcCWAKokLKrixCkq6RDBs8r+TtAWaLUrBpI+JFxQNX/WNPQ==",
      "requires": {
        "@fortawesome/fontawesome-common-types": "^0.2.22"
      }
    },
    "rxjs": {
      "version": "6.5.2",
      "resolved": "https://registry.npmjs.org/rxjs/-/rxjs-6.5.2.tgz",
      "integrity": "sha512-HUb7j3kvb7p7eCUHE3FqjoDsC1xfZQ4AHFWfTKSpZ+sAhhz5X1WX0ZuUqWbzB2QhSLp3DoLUG+hMdEDKqWo2Zg==",
      "requires": {
        "tslib": "^1.9.0"
      }
    },
    "tslib": {
      "version": "1.10.0",
      "resolved": "https://registry.npmjs.org/tslib/-/tslib-1.10.0.tgz",
      "integrity": "sha512-qOebF53frne81cf0S9B41ByenJ3/IuH8yJKngAX35CmiZySA0khhkovshKK+jGCaMnVomla7gVlIcc3EvKPbTQ=="
    }
  }
}
